
Microsoft Visual Studio Solution File, Format Version 12.00
# Visual Studio 15
VisualStudioVersion = 15.0.28010.2019
MinimumVisualStudioVersion = 10.0.40219.1
Project("{8BC9CEB8-8B4A-11D0-8D11-00A0C91BC942}") = "strins", "strins\strins.vcxproj", "{5E363337-22C6-48FF-979A-63FBDA8852C1}"
EndProject
Global
	GlobalSection(SolutionConfigurationPlatforms) = preSolution
		Debug|x64 = Debug|x64
		Debug|x86 = Debug|x86
		Release|x64 = Release|x64
		Release|x86 = Release|x86
	EndGlobalSection
	GlobalSection(ProjectConfigurationPlatforms) = postSolution
		{5E363337-22C6-48FF-979A-63FBDA8852C1}.Debug|x64.ActiveCfg = Debug|x64
		{5E363337-22C6-48FF-979A-63FBDA8852C1}.Debug|x64.Build.0 = Debug|x64
		{5E363337-22C6-48FF-979A-63FBDA8852C1}.Debug|x86.ActiveCfg = Debug|Win32
		{5E363337-22C6-48FF-979A-63FBDA8852C1}.Debug|x86.Build.0 = Debug|Win32
		{5E363337-22C6-48FF-979A-63FBDA8852C1}.Release|x64.ActiveCfg = Release|x64
		{5E363337-22C6-48FF-979A-63FBDA8852C1}.Release|x64.Build.0 = Release|x64
		{5E363337-22C6-48FF-979A-63FBDA8852C1}.Release|x86.ActiveCfg = Release|Win32
		{5E363337-22C6-48FF-979A-63FBDA8852C1}.Release|x86.Build.0 = Release|Win32
	EndGlobalSection
	GlobalSection(SolutionProperties) = preSolution
		HideSolutionNode = FALSE
	EndGlobalSection
	GlobalSection(ExtensibilityGlobals) = postSolution
		SolutionGuid = {51C8EB86-B3B4-40A0-B7DE-EF419A3A48C7}
	EndGlobalSection
EndGlobal
