
Microsoft Visual Studio Solution File, Format Version 12.00
# Visual Studio 15
VisualStudioVersion = 15.0.28010.2019
MinimumVisualStudioVersion = 10.0.40219.1
Project("{8BC9CEB8-8B4A-11D0-8D11-00A0C91BC942}") = "strdel", "strdel\strdel.vcxproj", "{BBBDB302-CFD1-42B7-BB7C-C65976A2A115}"
EndProject
Global
	GlobalSection(SolutionConfigurationPlatforms) = preSolution
		Debug|x64 = Debug|x64
		Debug|x86 = Debug|x86
		Release|x64 = Release|x64
		Release|x86 = Release|x86
	EndGlobalSection
	GlobalSection(ProjectConfigurationPlatforms) = postSolution
		{BBBDB302-CFD1-42B7-BB7C-C65976A2A115}.Debug|x64.ActiveCfg = Debug|x64
		{BBBDB302-CFD1-42B7-BB7C-C65976A2A115}.Debug|x64.Build.0 = Debug|x64
		{BBBDB302-CFD1-42B7-BB7C-C65976A2A115}.Debug|x86.ActiveCfg = Debug|Win32
		{BBBDB302-CFD1-42B7-BB7C-C65976A2A115}.Debug|x86.Build.0 = Debug|Win32
		{BBBDB302-CFD1-42B7-BB7C-C65976A2A115}.Release|x64.ActiveCfg = Release|x64
		{BBBDB302-CFD1-42B7-BB7C-C65976A2A115}.Release|x64.Build.0 = Release|x64
		{BBBDB302-CFD1-42B7-BB7C-C65976A2A115}.Release|x86.ActiveCfg = Release|Win32
		{BBBDB302-CFD1-42B7-BB7C-C65976A2A115}.Release|x86.Build.0 = Release|Win32
	EndGlobalSection
	GlobalSection(SolutionProperties) = preSolution
		HideSolutionNode = FALSE
	EndGlobalSection
	GlobalSection(ExtensibilityGlobals) = postSolution
		SolutionGuid = {B030102B-4474-4836-9E39-83C406D6F9B6}
	EndGlobalSection
EndGlobal
